// !$*UTF8*$!
{
	archiveVersion = 1;
	classes = {
	};
	objectVersion = 50;
	objects = {

/* Begin PBXBuildFile section */
		8F0CB46326411AD200A083EE /* AppDelegate.swift in Sources */ = {isa = PBXBuildFile; fileRef = 8F0CB46226411AD200A083EE /* AppDelegate.swift */; };
		8F0CB46526411AD200A083EE /* SceneDelegate.swift in Sources */ = {isa = PBXBuildFile; fileRef = 8F0CB46426411AD200A083EE /* SceneDelegate.swift */; };
		8F0CB46726411AD200A083EE /* ViewController.swift in Sources */ = {isa = PBXBuildFile; fileRef = 8F0CB46626411AD200A083EE /* ViewController.swift */; };
		8F0CB46A26411AD200A083EE /* Main.storyboard in Resources */ = {isa = PBXBuildFile; fileRef = 8F0CB46826411AD200A083EE /* Main.storyboard */; };
		8F0CB46D26411AD200A083EE /* EnglishToSindhi.xcdatamodeld in Sources */ = {isa = PBXBuildFile; fileRef = 8F0CB46B26411AD200A083EE /* EnglishToSindhi.xcdatamodeld */; };
		8F0CB46F26411AD400A083EE /* Assets.xcassets in Resources */ = {isa = PBXBuildFile; fileRef = 8F0CB46E26411AD400A083EE /* Assets.xcassets */; };
		8F0CB47226411AD400A083EE /* LaunchScreen.storyboard in Resources */ = {isa = PBXBuildFile; fileRef = 8F0CB47026411AD400A083EE /* LaunchScreen.storyboard */; };
		8F0CB47B26411FA600A083EE /* Dictionary.json in Resources */ = {isa = PBXBuildFile; fileRef = 8F0CB47A26411FA600A083EE /* Dictionary.json */; };
/* End PBXBuildFile section */

/* Begin PBXFileReference section */
		8F0CB45F26411AD200A083EE /* EnglishToSindhi.app */ = {isa = PBXFileReference; explicitFileType = wrapper.application; includeInIndex = 0; path = EnglishToSindhi.app; sourceTree = BUILT_PRODUCTS_DIR; };
		8F0CB46226411AD200A083EE /* AppDelegate.swift */ = {isa = PBXFileReference; lastKnownFileType = sourcecode.swift; path = AppDelegate.swift; sourceTree = "<group>"; };
		8F0CB46426411AD200A083EE /* SceneDelegate.swift */ = {isa = PBXFileReference; lastKnownFileType = sourcecode.swift; path = SceneDelegate.swift; sourceTree = "<group>"; };
		8F0CB46626411AD200A083EE /* ViewController.swift */ = {isa = PBXFileReference; lastKnownFileType = sourcecode.swift; path = ViewController.swift; sourceTree = "<group>"; };
		8F0CB46926411AD200A083EE /* Base */ = {isa = PBXFileReference; lastKnownFileType = file.storyboard; name = Base; path = Base.lproj/Main.storyboard; sourceTree = "<group>"; };
		8F0CB46C26411AD200A083EE /* EnglishToSindhi.xcdatamodel */ = {isa = PBXFileReference; lastKnownFileType = wrapper.xcdatamodel; path = EnglishToSindhi.xcdatamodel; sourceTree = "<group>"; };
		8F0CB46E26411AD400A083EE /* Assets.xcassets */ = {isa = PBXFileReference; lastKnownFileType = folder.assetcatalog; path = Assets.xcassets; sourceTree = "<group>"; };
		8F0CB47126411AD400A083EE /* Base */ = {isa = PBXFileReference; lastKnownFileType = file.storyboard; name = Base; path = Base.lproj/LaunchScreen.storyboard; sourceTree = "<group>"; };
		8F0CB47326411AD400A083EE /* Info.plist */ = {isa = PBXFileReference; lastKnownFileType = text.plist.xml; path = Info.plist; sourceTree = "<group>"; };
		8F0CB47A26411FA600A083EE /* Dictionary.json */ = {isa = PBXFileReference; lastKnownFileType = text.json; path = Dictionary.json; sourceTree = "<group>"; };
/* End PBXFileReference section */

/* Begin PBXFrameworksBuildPhase section */
		8F0CB45C26411AD200A083EE /* Frameworks */ = {
			isa = PBXFrameworksBuildPhase;
			buildActionMask = 2147483647;
			files = (
			);
			runOnlyForDeploymentPostprocessing = 0;
		};
/* End PBXFrameworksBuildPhase section */

/* Begin PBXGroup section */
		8F0CB45626411AD200A083EE = {
			isa = PBXGroup;
			children = (
				8F0CB46126411AD200A083EE /* EnglishToSindhi */,
				8F0CB46026411AD200A083EE /* Products */,
			);
			sourceTree = "<group>";
		};
		8F0CB46026411AD200A083EE /* Products */ = {
			isa = PBXGroup;
			children = (
				8F0CB45F26411AD200A083EE /* EnglishToSindhi.app */,
			);
			name = Products;
			sourceTree = "<group>";
		};
		8F0CB46126411AD200A083EE /* EnglishToSindhi */ = {
			isa = PBXGroup;
			children = (
				8F0CB46226411AD200A083EE /* AppDelegate.swift */,
				8F0CB46426411AD200A083EE /* SceneDelegate.swift */,
				8F0CB46626411AD200A083EE /* ViewController.swift */,
				8F0CB46826411AD200A083EE /* Main.storyboard */,
				8F0CB46E26411AD400A083EE /* Assets.xcassets */,
				8F0CB47026411AD400A083EE /* LaunchScreen.storyboard */,
				8F0CB47326411AD400A083EE /* Info.plist */,
				8F0CB46B26411AD200A083EE /* EnglishToSindhi.xcdatamodeld */,
				8F0CB47A26411FA600A083EE /* Dictionary.json */,
			);
			path = EnglishToSindhi;
			sourceTree = "<group>";
		};
/* End PBXGroup section */

/* Begin PBXNativeTarget section */
		8F0CB45E26411AD200A083EE /* EnglishToSindhi */ = {
			isa = PBXNativeTarget;
			buildConfigurationList = 8F0CB47626411AD400A083EE /* Build configuration list for PBXNativeTarget "EnglishToSindhi" */;
			buildPhases = (
				8F0CB45B26411AD200A083EE /* Sources */,
				8F0CB45C26411AD200A083EE /* Frameworks */,
				8F0CB45D26411AD200A083EE /* Resources */,
			);
			buildRules = (
			);
			dependencies = (
			);
			name = EnglishToSindhi;
			productName = EnglishToSindhi;
			productReference = 8F0CB45F26411AD200A083EE /* EnglishToSindhi.app */;
			productType = "com.apple.product-type.application";
		};
/* End PBXNativeTarget section */

/* Begin PBXProject section */
		8F0CB45726411AD200A083EE /* Project object */ = {
			isa = PBXProject;
			attributes = {
				LastSwiftUpdateCheck = 1240;
				LastUpgradeCheck = 1240;
				TargetAttributes = {
					8F0CB45E26411AD200A083EE = {
						CreatedOnToolsVersion = 12.4;
					};
				};
			};
			buildConfigurationList = 8F0CB45A26411AD200A083EE /* Build configuration list for PBXProject "EnglishToSindhi" */;
			compatibilityVersion = "Xcode 9.3";
			developmentRegion = en;
			hasScannedForEncodings = 0;
			knownRegions = (
				en,
				Base,
			);
			mainGroup = 8F0CB45626411AD200A083EE;
			productRefGroup = 8F0CB46026411AD200A083EE /* Products */;
			projectDirPath = "";
			projectRoot = "";
			targets = (
				8F0CB45E26411AD200A083EE /* EnglishToSindhi */,
			);
		};
/* End PBXProject section */

/* Begin PBXResourcesBuildPhase section */
		8F0CB45D26411AD200A083EE /* Resources */ = {
			isa = PBXResourcesBuildPhase;
			buildActionMask = 2147483647;
			files = (
				8F0CB47226411AD400A083EE /* LaunchScreen.storyboard in Resources */,
				8F0CB47B26411FA600A083EE /* Dictionary.json in Resources */,
				8F0CB46F26411AD400A083EE /* Assets.xcassets in Resources */,
				8F0CB46A26411AD200A083EE /* Main.storyboard in Resources */,
			);
			runOnlyForDeploymentPostprocessing = 0;
		};
/* End PBXResourcesBuildPhase section */

/* Begin PBXSourcesBuildPhase section */
		8F0CB45B26411AD200A083EE /* Sources */ = {
			isa = PBXSourcesBuildPhase;
			buildActionMask = 2147483647;
			files = (
				8F0CB46D26411AD200A083EE /* EnglishToSindhi.xcdatamodeld in Sources */,
				8F0CB46726411AD200A083EE /* ViewController.swift in Sources */,
				8F0CB46326411AD200A083EE /* AppDelegate.swift in Sources */,
				8F0CB46526411AD200A083EE /* SceneDelegate.swift in Sources */,
			);
			runOnlyForDeploymentPostprocessing = 0;
		};
/* End PBXSourcesBuildPhase section */

/* Begin PBXVariantGroup section */
		8F0CB46826411AD200A083EE /* Main.storyboard */ = {
			isa = PBXVariantGroup;
			children = (
				8F0CB46926411AD200A083EE /* Base */,
			);
			name = Main.storyboard;
			sourceTree = "<group>";
		};
		8F0CB47026411AD400A083EE /* LaunchScreen.storyboard */ = {
			isa = PBXVariantGroup;
			children = (
				8F0CB47126411AD400A083EE /* Base */,
			);
			name = LaunchScreen.storyboard;
			sourceTree = "<group>";
		};
/* End PBXVariantGroup section */

/* Begin XCBuildConfiguration section */
		8F0CB47426411AD400A083EE /* Debug */ = {
			isa = XCBuildConfiguration;
			buildSettings = {
				ALWAYS_SEARCH_USER_PATHS = NO;
				CLANG_ANALYZER_NONNULL = YES;
				CLANG_ANALYZER_NUMBER_OBJECT_CONVERSION = YES_AGGRESSIVE;
				CLANG_CXX_LANGUAGE_STANDARD = "gnu++14";
				CLANG_CXX_LIBRARY = "libc++";
				CLANG_ENABLE_MODULES = YES;
				CLANG_ENABLE_OBJC_ARC = YES;
				CLANG_ENABLE_OBJC_WEAK = YES;
				CLANG_WARN_BLOCK_CAPTURE_AUTORELEASING = YES;
				CLANG_WARN_BOOL_CONVERSION = YES;
				CLANG_WARN_COMMA = YES;
				CLANG_WARN_CONSTANT_CONVERSION = YES;
				CLANG_WARN_DEPRECATED_OBJC_IMPLEMENTATIONS = YES;
				CLANG_WARN_DIRECT_OBJC_ISA_USAGE = YES_ERROR;
				CLANG_WARN_DOCUMENTATION_COMMENTS = YES;
				CLANG_WARN_EMPTY_BODY = YES;
				CLANG_WARN_ENUM_CONVERSION = YES;
				CLANG_WARN_INFINITE_RECURSION = YES;
				CLANG_WARN_INT_CONVERSION = YES;
				CLANG_WARN_NON_LITERAL_NULL_CONVERSION = YES;
				CLANG_WARN_OBJC_IMPLICIT_RETAIN_SELF = YES;
				CLANG_WARN_OBJC_LITERAL_CONVERSION = YES;
				CLANG_WARN_OBJC_ROOT_CLASS = YES_ERROR;
				CLANG_WARN_QUOTED_INCLUDE_IN_FRAMEWORK_HEADER = YES;
				CLANG_WARN_RANGE_LOOP_ANALYSIS = YES;
				CLANG_WARN_STRICT_PROTOTYPES = YES;
				CLANG_WARN_SUSPICIOUS_MOVE = YES;
				CLANG_WARN_UNGUARDED_AVAILABILITY = YES_AGGRESSIVE;
				CLANG_WARN_UNREACHABLE_CODE = YES;
				CLANG_WARN__DUPLICATE_METHOD_MATCH = YES;
				COPY_PHASE_STRIP = NO;
				DEBUG_INFORMATION_FORMAT = dwarf;
				ENABLE_STRICT_OBJC_MSGSEND = YES;
				ENABLE_TESTABILITY = YES;
				GCC_C_LANGUAGE_STANDARD = gnu11;
				GCC_DYNAMIC_NO_PIC = NO;
				GCC_NO_COMMON_BLOCKS = YES;
				GCC_OPTIMIZATION_LEVEL = 0;
				GCC_PREPROCESSOR_DEFINITIONS = (
					"DEBUG=1",
					"$(inherited)",
				);
				GCC_WARN_64_TO_32_BIT_CONVERSION = YES;
				GCC_WARN_ABOUT_RETURN_TYPE = YES_ERROR;
				GCC_WARN_UNDECLARED_SELECTOR = YES;
				GCC_WARN_UNINITIALIZED_AUTOS = YES_AGGRESSIVE;
				GCC_WARN_UNUSED_FUNCTION = YES;
				GCC_WARN_UNUSED_VARIABLE = YES;
				IPHONEOS_DEPLOYMENT_TARGET = 14.4;
				MTL_ENABLE_DEBUG_INFO = INCLUDE_SOURCE;
				MTL_FAST_MATH = YES;
				ONLY_ACTIVE_ARCH = YES;
				SDKROOT = iphoneos;
				SWIFT_ACTIVE_COMPILATION_CONDITIONS = DEBUG;
				SWIFT_OPTIMIZATION_LEVEL = "-Onone";
			};
			name = Debug;
		};
		8F0CB47526411AD400A083EE /* Release */ = {
			isa = XCBuildConfiguration;
			buildSettings = {
				ALWAYS_SEARCH_USER_PATHS = NO;
				CLANG_ANALYZER_NONNULL = YES;
				CLANG_ANALYZER_NUMBER_OBJECT_CONVERSION = YES_AGGRESSIVE;
				CLANG_CXX_LANGUAGE_STANDARD = "gnu++14";
				CLANG_CXX_LIBRARY = "libc++";
				CLANG_ENABLE_MODULES = YES;
				CLANG_ENABLE_OBJC_ARC = YES;
				CLANG_ENABLE_OBJC_WEAK = YES;
				CLANG_WARN_BLOCK_CAPTURE_AUTORELEASING = YES;
				CLANG_WARN_BOOL_CONVERSION = YES;
				CLANG_WARN_COMMA = YES;
				CLANG_WARN_CONSTANT_CONVERSION = YES;
				CLANG_WARN_DEPRECATED_OBJC_IMPLEMENTATIONS = YES;
				CLANG_WARN_DIRECT_OBJC_ISA_USAGE = YES_ERROR;
				CLANG_WARN_DOCUMENTATION_COMMENTS = YES;
				CLANG_WARN_EMPTY_BODY = YES;
				CLANG_WARN_ENUM_CONVERSION = YES;
				CLANG_WARN_INFINITE_RECURSION = YES;
				CLANG_WARN_INT_CONVERSION = YES;
				CLANG_WARN_NON_LITERAL_NULL_CONVERSION = YES;
				CLANG_WARN_OBJC_IMPLICIT_RETAIN_SELF = YES;
				CLANG_WARN_OBJC_LITERAL_CONVERSION = YES;
				CLANG_WARN_OBJC_ROOT_CLASS = YES_ERROR;
				CLANG_WARN_QUOTED_INCLUDE_IN_FRAMEWORK_HEADER = YES;
				CLANG_WARN_RANGE_LOOP_ANALYSIS = YES;
				CLANG_WARN_STRICT_PROTOTYPES = YES;
				CLANG_WARN_SUSPICIOUS_MOVE = YES;
				CLANG_WARN_UNGUARDED_AVAILABILITY = YES_AGGRESSIVE;
				CLANG_WARN_UNREACHABLE_CODE = YES;
				CLANG_WARN__DUPLICATE_METHOD_MATCH = YES;
				COPY_PHASE_STRIP = NO;
				DEBUG_INFORMATION_FORMAT = "dwarf-with-dsym";
				ENABLE_NS_ASSERTIONS = NO;
				ENABLE_STRICT_OBJC_MSGSEND = YES;
				GCC_C_LANGUAGE_STANDARD = gnu11;
				GCC_NO_COMMON_BLOCKS = YES;
				GCC_WARN_64_TO_32_BIT_CONVERSION = YES;
				GCC_WARN_ABOUT_RETURN_TYPE = YES_ERROR;
				GCC_WARN_UNDECLARED_SELECTOR = YES;
				GCC_WARN_UNINITIALIZED_AUTOS = YES_AGGRESSIVE;
				GCC_WARN_UNUSED_FUNCTION = YES;
				GCC_WARN_UNUSED_VARIABLE = YES;
				IPHONEOS_DEPLOYMENT_TARGET = 14.4;
				MTL_ENABLE_DEBUG_INFO = NO;
				MTL_FAST_MATH = YES;
				SDKROOT = iphoneos;
				SWIFT_COMPILATION_MODE = wholemodule;
				SWIFT_OPTIMIZATION_LEVEL = "-O";
				VALIDATE_PRODUCT = YES;
			};
			name = Release;
		};
		8F0CB47726411AD400A083EE /* Debug */ = {
			isa = XCBuildConfiguration;
			buildSettings = {
				ASSETCATALOG_COMPILER_APPICON_NAME = AppIcon;
				ASSETCATALOG_COMPILER_GLOBAL_ACCENT_COLOR_NAME = AccentColor;
				CODE_SIGN_STYLE = Automatic;
				DEVELOPMENT_TEAM = 4Q4RY956RQ;
				INFOPLIST_FILE = EnglishToSindhi/Info.plist;
				LD_RUNPATH_SEARCH_PATHS = (
					"$(inherited)",
					"@executable_path/Frameworks",
				);
				PRODUCT_BUNDLE_IDENTIFIER = com.ayaz.EnglishToSindhi;
				PRODUCT_NAME = "$(TARGET_NAME)";
				SWIFT_VERSION = 5.0;
				TARGETED_DEVICE_FAMILY = "1,2";
			};
			name = Debug;
		};
		8F0CB47826411AD400A083EE /* Release */ = {
			isa = XCBuildConfiguration;
			buildSettings = {
				ASSETCATALOG_COMPILER_APPICON_NAME = AppIcon;
				ASSETCATALOG_COMPILER_GLOBAL_ACCENT_COLOR_NAME = AccentColor;
				CODE_SIGN_STYLE = Automatic;
				DEVELOPMENT_TEAM = 4Q4RY956RQ;
				INFOPLIST_FILE = EnglishToSindhi/Info.plist;
				LD_RUNPATH_SEARCH_PATHS = (
					"$(inherited)",
					"@executable_path/Frameworks",
				);
				PRODUCT_BUNDLE_IDENTIFIER = com.ayaz.EnglishToSindhi;
				PRODUCT_NAME = "$(TARGET_NAME)";
				SWIFT_VERSION = 5.0;
				TARGETED_DEVICE_FAMILY = "1,2";
			};
			name = Release;
		};
/* End XCBuildConfiguration section */

/* Begin XCConfigurationList section */
		8F0CB45A26411AD200A083EE /* Build configuration list for PBXProject "EnglishToSindhi" */ = {
			isa = XCConfigurationList;
			buildConfigurations = (
				8F0CB47426411AD400A083EE /* Debug */,
				8F0CB47526411AD400A083EE /* Release */,
			);
			defaultConfigurationIsVisible = 0;
			defaultConfigurationName = Release;
		};
		8F0CB47626411AD400A083EE /* Build configuration list for PBXNativeTarget "EnglishToSindhi" */ = {
			isa = XCConfigurationList;
			buildConfigurations = (
				8F0CB47726411AD400A083EE /* Debug */,
				8F0CB47826411AD400A083EE /* Release */,
			);
			defaultConfigurationIsVisible = 0;
			defaultConfigurationName = Release;
		};
/* End XCConfigurationList section */

/* Begin XCVersionGroup section */
		8F0CB46B26411AD200A083EE /* EnglishToSindhi.xcdatamodeld */ = {
			isa = XCVersionGroup;
			children = (
				8F0CB46C26411AD200A083EE /* EnglishToSindhi.xcdatamodel */,
			);
			currentVersion = 8F0CB46C26411AD200A083EE /* EnglishToSindhi.xcdatamodel */;
			path = EnglishToSindhi.xcdatamodeld;
			sourceTree = "<group>";
			versionGroupType = wrapper.xcdatamodel;
		};
/* End XCVersionGroup section */
	};
	rootObject = 8F0CB45726411AD200A083EE /* Project object */;
}
